
Microsoft Visual Studio Solution File, Format Version 12.00
# Visual Studio Version 16
VisualStudioVersion = 16.0.31729.503
MinimumVisualStudioVersion = 10.0.40219.1
Project("{9A19103F-16F7-4668-BE54-9A1E7A4F7556}") = "Breakfast.AfterAsyncAwait", ".\Breakfast.AfterAsyncAwait.csproj", "{FCD51A8A-02AA-4AB2-AE22-DA541C0A1E92}"
EndProject
Global
	GlobalSection(SolutionConfigurationPlatforms) = preSolution
		Debug|Any CPU = Debug|Any CPU
		Release|Any CPU = Release|Any CPU
	EndGlobalSection
	GlobalSection(ProjectConfigurationPlatforms) = postSolution
		{FCD51A8A-02AA-4AB2-AE22-DA541C0A1E92}.Debug|Any CPU.ActiveCfg = Debug|Any CPU
		{FCD51A8A-02AA-4AB2-AE22-DA541C0A1E92}.Debug|Any CPU.Build.0 = Debug|Any CPU
		{FCD51A8A-02AA-4AB2-AE22-DA541C0A1E92}.Release|Any CPU.ActiveCfg = Release|Any CPU
		{FCD51A8A-02AA-4AB2-AE22-DA541C0A1E92}.Release|Any CPU.Build.0 = Release|Any CPU
	EndGlobalSection
	GlobalSection(SolutionProperties) = preSolution
		HideSolutionNode = FALSE
	EndGlobalSection
	GlobalSection(ExtensibilityGlobals) = postSolution
		SolutionGuid = {22F2E057-03C7-4438-AC54-3E107FB99D6C}
	EndGlobalSection
EndGlobal
